
Microsoft Visual Studio Solution File, Format Version 12.00
# Visual Studio Version 17
VisualStudioVersion = 17.8.34525.116
MinimumVisualStudioVersion = 10.0.40219.1
Project("{FAE04EC0-301F-11D3-BF4B-00C04F79EFBC}") = "ProjectDImaPPTwo", "ProjectDImaPPTwo\ProjectDImaPPTwo.csproj", "{D1E68E81-0A2F-493E-B4C8-9074D163D9AF}"
EndProject
Global
	GlobalSection(SolutionConfigurationPlatforms) = preSolution
		Debug|Any CPU = Debug|Any CPU
		Release|Any CPU = Release|Any CPU
	EndGlobalSection
	GlobalSection(ProjectConfigurationPlatforms) = postSolution
		{D1E68E81-0A2F-493E-B4C8-9074D163D9AF}.Debug|Any CPU.ActiveCfg = Debug|Any CPU
		{D1E68E81-0A2F-493E-B4C8-9074D163D9AF}.Debug|Any CPU.Build.0 = Debug|Any CPU
		{D1E68E81-0A2F-493E-B4C8-9074D163D9AF}.Release|Any CPU.ActiveCfg = Release|Any CPU
		{D1E68E81-0A2F-493E-B4C8-9074D163D9AF}.Release|Any CPU.Build.0 = Release|Any CPU
	EndGlobalSection
	GlobalSection(SolutionProperties) = preSolution
		HideSolutionNode = FALSE
	EndGlobalSection
	GlobalSection(ExtensibilityGlobals) = postSolution
		SolutionGuid = {52CB310A-C387-4C7F-84DF-8F34575E0529}
	EndGlobalSection
EndGlobal
